
Microsoft Visual Studio Solution File, Format Version 12.00
# Visual Studio Version 17
VisualStudioVersion = 17.7.34202.233
MinimumVisualStudioVersion = 10.0.40219.1
Project("{9A19103F-16F7-4668-BE54-9A1E7A4F7556}") = "MiniExample", "MiniExample.csproj", "{167424B3-0C28-4380-9989-F7428C0A0A2F}"
EndProject
Global
	GlobalSection(SolutionConfigurationPlatforms) = preSolution
		Debug|Any CPU = Debug|Any CPU
		Release|Any CPU = Release|Any CPU
	EndGlobalSection
	GlobalSection(ProjectConfigurationPlatforms) = postSolution
		{167424B3-0C28-4380-9989-F7428C0A0A2F}.Debug|Any CPU.ActiveCfg = Debug|Any CPU
		{167424B3-0C28-4380-9989-F7428C0A0A2F}.Debug|Any CPU.Build.0 = Debug|Any CPU
		{167424B3-0C28-4380-9989-F7428C0A0A2F}.Release|Any CPU.ActiveCfg = Release|Any CPU
		{167424B3-0C28-4380-9989-F7428C0A0A2F}.Release|Any CPU.Build.0 = Release|Any CPU
	EndGlobalSection
	GlobalSection(SolutionProperties) = preSolution
		HideSolutionNode = FALSE
	EndGlobalSection
	GlobalSection(ExtensibilityGlobals) = postSolution
		SolutionGuid = {118C521B-3005-4FDA-9B07-40DB70EADFD1}
	EndGlobalSection
EndGlobal
