
Microsoft Visual Studio Solution File, Format Version 12.00
# Visual Studio Version 17
VisualStudioVersion = 17.2.32602.215
MinimumVisualStudioVersion = 10.0.40219.1
Project("{FAE04EC0-301F-11D3-BF4B-00C04F79EFBC}") = "Models", "Models\Models.csproj", "{D4712A59-6102-40A6-8567-DC5D8BFB5E1C}"
EndProject
Project("{FAE04EC0-301F-11D3-BF4B-00C04F79EFBC}") = "DAL", "DAL\DAL.csproj", "{01644BCC-53E1-4CBC-8024-B861378E5B7B}"
EndProject
Project("{FAE04EC0-301F-11D3-BF4B-00C04F79EFBC}") = "Utils", "Utils\Utils.csproj", "{20E235E1-B6F1-4697-A247-982FA2E585AA}"
EndProject
Project("{FAE04EC0-301F-11D3-BF4B-00C04F79EFBC}") = "PerformanceTest", "PerformanceTest\PerformanceTest.csproj", "{90B7B563-8A78-4B8E-9EE5-65E16EC88898}"
EndProject
Project("{FAE04EC0-301F-11D3-BF4B-00C04F79EFBC}") = "PostgreSQLTest", "PostgreSQLTest\PostgreSQLTest.csproj", "{238942E6-0889-43AC-A8EC-036D1628991E}"
EndProject
Project("{FAE04EC0-301F-11D3-BF4B-00C04F79EFBC}") = "OracleTest", "OracleTest\OracleTest.csproj", "{D8C7058C-5C86-426F-BB2A-965B50DB3612}"
EndProject
Project("{9A19103F-16F7-4668-BE54-9A1E7A4F7556}") = "Dapper.Lite", "Dapper.Lite\Dapper.Lite.csproj", "{CDF617DF-2216-4375-A99A-FC2E60C70CE9}"
EndProject
Project("{FAE04EC0-301F-11D3-BF4B-00C04F79EFBC}") = "Dapper.LiteTest", "Dapper.LiteTest\Dapper.LiteTest.csproj", "{ADACE5A8-5D41-4EC6-AB27-BC63ACA5382B}"
EndProject
Global
	GlobalSection(SolutionConfigurationPlatforms) = preSolution
		Debug|Any CPU = Debug|Any CPU
		Release|Any CPU = Release|Any CPU
	EndGlobalSection
	GlobalSection(ProjectConfigurationPlatforms) = postSolution
		{D4712A59-6102-40A6-8567-DC5D8BFB5E1C}.Debug|Any CPU.ActiveCfg = Debug|Any CPU
		{D4712A59-6102-40A6-8567-DC5D8BFB5E1C}.Debug|Any CPU.Build.0 = Debug|Any CPU
		{D4712A59-6102-40A6-8567-DC5D8BFB5E1C}.Release|Any CPU.ActiveCfg = Release|Any CPU
		{D4712A59-6102-40A6-8567-DC5D8BFB5E1C}.Release|Any CPU.Build.0 = Release|Any CPU
		{01644BCC-53E1-4CBC-8024-B861378E5B7B}.Debug|Any CPU.ActiveCfg = Debug|Any CPU
		{01644BCC-53E1-4CBC-8024-B861378E5B7B}.Debug|Any CPU.Build.0 = Debug|Any CPU
		{01644BCC-53E1-4CBC-8024-B861378E5B7B}.Release|Any CPU.ActiveCfg = Release|Any CPU
		{01644BCC-53E1-4CBC-8024-B861378E5B7B}.Release|Any CPU.Build.0 = Release|Any CPU
		{20E235E1-B6F1-4697-A247-982FA2E585AA}.Debug|Any CPU.ActiveCfg = Debug|Any CPU
		{20E235E1-B6F1-4697-A247-982FA2E585AA}.Debug|Any CPU.Build.0 = Debug|Any CPU
		{20E235E1-B6F1-4697-A247-982FA2E585AA}.Release|Any CPU.ActiveCfg = Release|Any CPU
		{20E235E1-B6F1-4697-A247-982FA2E585AA}.Release|Any CPU.Build.0 = Release|Any CPU
		{90B7B563-8A78-4B8E-9EE5-65E16EC88898}.Debug|Any CPU.ActiveCfg = Debug|Any CPU
		{90B7B563-8A78-4B8E-9EE5-65E16EC88898}.Debug|Any CPU.Build.0 = Debug|Any CPU
		{90B7B563-8A78-4B8E-9EE5-65E16EC88898}.Release|Any CPU.ActiveCfg = Release|Any CPU
		{90B7B563-8A78-4B8E-9EE5-65E16EC88898}.Release|Any CPU.Build.0 = Release|Any CPU
		{238942E6-0889-43AC-A8EC-036D1628991E}.Debug|Any CPU.ActiveCfg = Debug|Any CPU
		{238942E6-0889-43AC-A8EC-036D1628991E}.Debug|Any CPU.Build.0 = Debug|Any CPU
		{238942E6-0889-43AC-A8EC-036D1628991E}.Release|Any CPU.ActiveCfg = Release|Any CPU
		{238942E6-0889-43AC-A8EC-036D1628991E}.Release|Any CPU.Build.0 = Release|Any CPU
		{D8C7058C-5C86-426F-BB2A-965B50DB3612}.Debug|Any CPU.ActiveCfg = Debug|Any CPU
		{D8C7058C-5C86-426F-BB2A-965B50DB3612}.Debug|Any CPU.Build.0 = Debug|Any CPU
		{D8C7058C-5C86-426F-BB2A-965B50DB3612}.Release|Any CPU.ActiveCfg = Release|Any CPU
		{D8C7058C-5C86-426F-BB2A-965B50DB3612}.Release|Any CPU.Build.0 = Release|Any CPU
		{CDF617DF-2216-4375-A99A-FC2E60C70CE9}.Debug|Any CPU.ActiveCfg = Debug|Any CPU
		{CDF617DF-2216-4375-A99A-FC2E60C70CE9}.Debug|Any CPU.Build.0 = Debug|Any CPU
		{CDF617DF-2216-4375-A99A-FC2E60C70CE9}.Release|Any CPU.ActiveCfg = Release|Any CPU
		{CDF617DF-2216-4375-A99A-FC2E60C70CE9}.Release|Any CPU.Build.0 = Release|Any CPU
		{ADACE5A8-5D41-4EC6-AB27-BC63ACA5382B}.Debug|Any CPU.ActiveCfg = Debug|Any CPU
		{ADACE5A8-5D41-4EC6-AB27-BC63ACA5382B}.Debug|Any CPU.Build.0 = Debug|Any CPU
		{ADACE5A8-5D41-4EC6-AB27-BC63ACA5382B}.Release|Any CPU.ActiveCfg = Release|Any CPU
		{ADACE5A8-5D41-4EC6-AB27-BC63ACA5382B}.Release|Any CPU.Build.0 = Release|Any CPU
	EndGlobalSection
	GlobalSection(SolutionProperties) = preSolution
		HideSolutionNode = FALSE
	EndGlobalSection
	GlobalSection(ExtensibilityGlobals) = postSolution
		SolutionGuid = {9FEF4496-D884-4CFE-935D-DFD03CA89590}
	EndGlobalSection
EndGlobal
